// !$*UTF8*$!
{
	archiveVersion = 1;
	classes = {
	};
	objectVersion = 46;
	objects = {

/* Begin PBXBuildFile section */
		D0E05A3118A86CD800D0926E /* Foundation.framework in Frameworks */ = {isa = PBXBuildFile; fileRef = D0E05A3018A86CD800D0926E /* Foundation.framework */; };
		D0E05A3318A86CD800D0926E /* CoreGraphics.framework in Frameworks */ = {isa = PBXBuildFile; fileRef = D0E05A3218A86CD800D0926E /* CoreGraphics.framework */; };
		D0E05A3518A86CD800D0926E /* UIKit.framework in Frameworks */ = {isa = PBXBuildFile; fileRef = D0E05A3418A86CD800D0926E /* UIKit.framework */; };
		D0E05A3B18A86CD800D0926E /* InfoPlist.strings in Resources */ = {isa = PBXBuildFile; fileRef = D0E05A3918A86CD800D0926E /* InfoPlist.strings */; };
		D0E05A3D18A86CD800D0926E /* main.m in Sources */ = {isa = PBXBuildFile; fileRef = D0E05A3C18A86CD800D0926E /* main.m */; };
		D0E05A4118A86CD800D0926E /* AppDelegate.m in Sources */ = {isa = PBXBuildFile; fileRef = D0E05A4018A86CD800D0926E /* AppDelegate.m */; };
		D0E05A4318A86CD800D0926E /* Images.xcassets in Resources */ = {isa = PBXBuildFile; fileRef = D0E05A4218A86CD800D0926E /* Images.xcassets */; };
		D0E05A4A18A86CD800D0926E /* XCTest.framework in Frameworks */ = {isa = PBXBuildFile; fileRef = D0E05A4918A86CD800D0926E /* XCTest.framework */; };
		D0E05A4B18A86CD800D0926E /* Foundation.framework in Frameworks */ = {isa = PBXBuildFile; fileRef = D0E05A3018A86CD800D0926E /* Foundation.framework */; };
		D0E05A4C18A86CD800D0926E /* UIKit.framework in Frameworks */ = {isa = PBXBuildFile; fileRef = D0E05A3418A86CD800D0926E /* UIKit.framework */; };
		D0E05A5418A86CD800D0926E /* InfoPlist.strings in Resources */ = {isa = PBXBuildFile; fileRef = D0E05A5218A86CD800D0926E /* InfoPlist.strings */; };
		D0E05A5618A86CD800D0926E /* BlogReaderTests.m in Sources */ = {isa = PBXBuildFile; fileRef = D0E05A5518A86CD800D0926E /* BlogReaderTests.m */; };
		D0E05A6018A86D1700D0926E /* MainStoryboard.storyboard in Resources */ = {isa = PBXBuildFile; fileRef = D0E05A5F18A86D1700D0926E /* MainStoryboard.storyboard */; };
		D0E05A6318A86FBE00D0926E /* TableViewController.m in Sources */ = {isa = PBXBuildFile; fileRef = D0E05A6218A86FBE00D0926E /* TableViewController.m */; };
		D0E05A6618A8B45A00D0926E /* BlogPost.m in Sources */ = {isa = PBXBuildFile; fileRef = D0E05A6518A8B45A00D0926E /* BlogPost.m */; };
		D0E05AAA18B153DD00D0926E /* WebViewController.m in Sources */ = {isa = PBXBuildFile; fileRef = D0E05AA918B153DD00D0926E /* WebViewController.m */; };
/* End PBXBuildFile section */

/* Begin PBXContainerItemProxy section */
		D0E05A4D18A86CD800D0926E /* PBXContainerItemProxy */ = {
			isa = PBXContainerItemProxy;
			containerPortal = D0E05A2518A86CD800D0926E /* Project object */;
			proxyType = 1;
			remoteGlobalIDString = D0E05A2C18A86CD800D0926E;
			remoteInfo = BlogReader;
		};
/* End PBXContainerItemProxy section */

/* Begin PBXFileReference section */
		D0E05A2D18A86CD800D0926E /* BlogReader.app */ = {isa = PBXFileReference; explicitFileType = wrapper.application; includeInIndex = 0; path = BlogReader.app; sourceTree = BUILT_PRODUCTS_DIR; };
		D0E05A3018A86CD800D0926E /* Foundation.framework */ = {isa = PBXFileReference; lastKnownFileType = wrapper.framework; name = Foundation.framework; path = System/Library/Frameworks/Foundation.framework; sourceTree = SDKROOT; };
		D0E05A3218A86CD800D0926E /* CoreGraphics.framework */ = {isa = PBXFileReference; lastKnownFileType = wrapper.framework; name = CoreGraphics.framework; path = System/Library/Frameworks/CoreGraphics.framework; sourceTree = SDKROOT; };
		D0E05A3418A86CD800D0926E /* UIKit.framework */ = {isa = PBXFileReference; lastKnownFileType = wrapper.framework; name = UIKit.framework; path = System/Library/Frameworks/UIKit.framework; sourceTree = SDKROOT; };
		D0E05A3818A86CD800D0926E /* BlogReader-Info.plist */ = {isa = PBXFileReference; lastKnownFileType = text.plist.xml; path = "BlogReader-Info.plist"; sourceTree = "<group>"; };
		D0E05A3A18A86CD800D0926E /* en */ = {isa = PBXFileReference; lastKnownFileType = text.plist.strings; name = en; path = en.lproj/InfoPlist.strings; sourceTree = "<group>"; };
		D0E05A3C18A86CD800D0926E /* main.m */ = {isa = PBXFileReference; lastKnownFileType = sourcecode.c.objc; path = main.m; sourceTree = "<group>"; };
		D0E05A3E18A86CD800D0926E /* BlogReader-Prefix.pch */ = {isa = PBXFileReference; lastKnownFileType = sourcecode.c.h; path = "BlogReader-Prefix.pch"; sourceTree = "<group>"; };
		D0E05A3F18A86CD800D0926E /* AppDelegate.h */ = {isa = PBXFileReference; lastKnownFileType = sourcecode.c.h; path = AppDelegate.h; sourceTree = "<group>"; };
		D0E05A4018A86CD800D0926E /* AppDelegate.m */ = {isa = PBXFileReference; lastKnownFileType = sourcecode.c.objc; path = AppDelegate.m; sourceTree = "<group>"; };
		D0E05A4218A86CD800D0926E /* Images.xcassets */ = {isa = PBXFileReference; lastKnownFileType = folder.assetcatalog; path = Images.xcassets; sourceTree = "<group>"; };
		D0E05A4818A86CD800D0926E /* BlogReaderTests.xctest */ = {isa = PBXFileReference; explicitFileType = wrapper.cfbundle; includeInIndex = 0; path = BlogReaderTests.xctest; sourceTree = BUILT_PRODUCTS_DIR; };
		D0E05A4918A86CD800D0926E /* XCTest.framework */ = {isa = PBXFileReference; lastKnownFileType = wrapper.framework; name = XCTest.framework; path = Library/Frameworks/XCTest.framework; sourceTree = DEVELOPER_DIR; };
		D0E05A5118A86CD800D0926E /* BlogReaderTests-Info.plist */ = {isa = PBXFileReference; lastKnownFileType = text.plist.xml; path = "BlogReaderTests-Info.plist"; sourceTree = "<group>"; };
		D0E05A5318A86CD800D0926E /* en */ = {isa = PBXFileReference; lastKnownFileType = text.plist.strings; name = en; path = en.lproj/InfoPlist.strings; sourceTree = "<group>"; };
		D0E05A5518A86CD800D0926E /* BlogReaderTests.m */ = {isa = PBXFileReference; lastKnownFileType = sourcecode.c.objc; path = BlogReaderTests.m; sourceTree = "<group>"; };
		D0E05A5F18A86D1700D0926E /* MainStoryboard.storyboard */ = {isa = PBXFileReference; fileEncoding = 4; lastKnownFileType = file.storyboard; path = MainStoryboard.storyboard; sourceTree = "<group>"; };
		D0E05A6118A86FBE00D0926E /* TableViewController.h */ = {isa = PBXFileReference; fileEncoding = 4; lastKnownFileType = sourcecode.c.h; name = TableViewController.h; path = ../TableViewController.h; sourceTree = "<group>"; };
		D0E05A6218A86FBE00D0926E /* TableViewController.m */ = {isa = PBXFileReference; fileEncoding = 4; lastKnownFileType = sourcecode.c.objc; name = TableViewController.m; path = ../TableViewController.m; sourceTree = "<group>"; };
		D0E05A6418A8B45A00D0926E /* BlogPost.h */ = {isa = PBXFileReference; fileEncoding = 4; lastKnownFileType = sourcecode.c.h; path = BlogPost.h; sourceTree = "<group>"; };
		D0E05A6518A8B45A00D0926E /* BlogPost.m */ = {isa = PBXFileReference; fileEncoding = 4; lastKnownFileType = sourcecode.c.objc; path = BlogPost.m; sourceTree = "<group>"; };
		D0E05AA818B153DD00D0926E /* WebViewController.h */ = {isa = PBXFileReference; fileEncoding = 4; lastKnownFileType = sourcecode.c.h; path = WebViewController.h; sourceTree = "<group>"; };
		D0E05AA918B153DD00D0926E /* WebViewController.m */ = {isa = PBXFileReference; fileEncoding = 4; lastKnownFileType = sourcecode.c.objc; path = WebViewController.m; sourceTree = "<group>"; };
/* End PBXFileReference section */

/* Begin PBXFrameworksBuildPhase section */
		D0E05A2A18A86CD800D0926E /* Frameworks */ = {
			isa = PBXFrameworksBuildPhase;
			buildActionMask = 2147483647;
			files = (
				D0E05A3318A86CD800D0926E /* CoreGraphics.framework in Frameworks */,
				D0E05A3518A86CD800D0926E /* UIKit.framework in Frameworks */,
				D0E05A3118A86CD800D0926E /* Foundation.framework in Frameworks */,
			);
			runOnlyForDeploymentPostprocessing = 0;
		};
		D0E05A4518A86CD800D0926E /* Frameworks */ = {
			isa = PBXFrameworksBuildPhase;
			buildActionMask = 2147483647;
			files = (
				D0E05A4A18A86CD800D0926E /* XCTest.framework in Frameworks */,
				D0E05A4C18A86CD800D0926E /* UIKit.framework in Frameworks */,
				D0E05A4B18A86CD800D0926E /* Foundation.framework in Frameworks */,
			);
			runOnlyForDeploymentPostprocessing = 0;
		};
/* End PBXFrameworksBuildPhase section */

/* Begin PBXGroup section */
		D0E05A2418A86CD800D0926E = {
			isa = PBXGroup;
			children = (
				D0E05A3618A86CD800D0926E /* BlogReader */,
				D0E05A4F18A86CD800D0926E /* BlogReaderTests */,
				D0E05A2F18A86CD800D0926E /* Frameworks */,
				D0E05A2E18A86CD800D0926E /* Products */,
			);
			sourceTree = "<group>";
		};
		D0E05A2E18A86CD800D0926E /* Products */ = {
			isa = PBXGroup;
			children = (
				D0E05A2D18A86CD800D0926E /* BlogReader.app */,
				D0E05A4818A86CD800D0926E /* BlogReaderTests.xctest */,
			);
			name = Products;
			sourceTree = "<group>";
		};
		D0E05A2F18A86CD800D0926E /* Frameworks */ = {
			isa = PBXGroup;
			children = (
				D0E05A3018A86CD800D0926E /* Foundation.framework */,
				D0E05A3218A86CD800D0926E /* CoreGraphics.framework */,
				D0E05A3418A86CD800D0926E /* UIKit.framework */,
				D0E05A4918A86CD800D0926E /* XCTest.framework */,
			);
			name = Frameworks;
			sourceTree = "<group>";
		};
		D0E05A3618A86CD800D0926E /* BlogReader */ = {
			isa = PBXGroup;
			children = (
				D0E05A6118A86FBE00D0926E /* TableViewController.h */,
				D0E05A6218A86FBE00D0926E /* TableViewController.m */,
				D0E05A3F18A86CD800D0926E /* AppDelegate.h */,
				D0E05A4018A86CD800D0926E /* AppDelegate.m */,
				D0E05A4218A86CD800D0926E /* Images.xcassets */,
				D0E05A3718A86CD800D0926E /* Supporting Files */,
				D0E05A5F18A86D1700D0926E /* MainStoryboard.storyboard */,
				D0E05A6418A8B45A00D0926E /* BlogPost.h */,
				D0E05A6518A8B45A00D0926E /* BlogPost.m */,
				D0E05AA818B153DD00D0926E /* WebViewController.h */,
				D0E05AA918B153DD00D0926E /* WebViewController.m */,
			);
			path = BlogReader;
			sourceTree = "<group>";
		};
		D0E05A3718A86CD800D0926E /* Supporting Files */ = {
			isa = PBXGroup;
			children = (
				D0E05A3818A86CD800D0926E /* BlogReader-Info.plist */,
				D0E05A3918A86CD800D0926E /* InfoPlist.strings */,
				D0E05A3C18A86CD800D0926E /* main.m */,
				D0E05A3E18A86CD800D0926E /* BlogReader-Prefix.pch */,
			);
			name = "Supporting Files";
			sourceTree = "<group>";
		};
		D0E05A4F18A86CD800D0926E /* BlogReaderTests */ = {
			isa = PBXGroup;
			children = (
				D0E05A5518A86CD800D0926E /* BlogReaderTests.m */,
				D0E05A5018A86CD800D0926E /* Supporting Files */,
			);
			path = BlogReaderTests;
			sourceTree = "<group>";
		};
		D0E05A5018A86CD800D0926E /* Supporting Files */ = {
			isa = PBXGroup;
			children = (
				D0E05A5118A86CD800D0926E /* BlogReaderTests-Info.plist */,
				D0E05A5218A86CD800D0926E /* InfoPlist.strings */,
			);
			name = "Supporting Files";
			sourceTree = "<group>";
		};
/* End PBXGroup section */

/* Begin PBXNativeTarget section */
		D0E05A2C18A86CD800D0926E /* BlogReader */ = {
			isa = PBXNativeTarget;
			buildConfigurationList = D0E05A5918A86CD800D0926E /* Build configuration list for PBXNativeTarget "BlogReader" */;
			buildPhases = (
				D0E05A2918A86CD800D0926E /* Sources */,
				D0E05A2A18A86CD800D0926E /* Frameworks */,
				D0E05A2B18A86CD800D0926E /* Resources */,
			);
			buildRules = (
			);
			dependencies = (
			);
			name = BlogReader;
			productName = BlogReader;
			productReference = D0E05A2D18A86CD800D0926E /* BlogReader.app */;
			productType = "com.apple.product-type.application";
		};
		D0E05A4718A86CD800D0926E /* BlogReaderTests */ = {
			isa = PBXNativeTarget;
			buildConfigurationList = D0E05A5C18A86CD800D0926E /* Build configuration list for PBXNativeTarget "BlogReaderTests" */;
			buildPhases = (
				D0E05A4418A86CD800D0926E /* Sources */,
				D0E05A4518A86CD800D0926E /* Frameworks */,
				D0E05A4618A86CD800D0926E /* Resources */,
			);
			buildRules = (
			);
			dependencies = (
				D0E05A4E18A86CD800D0926E /* PBXTargetDependency */,
			);
			name = BlogReaderTests;
			productName = BlogReaderTests;
			productReference = D0E05A4818A86CD800D0926E /* BlogReaderTests.xctest */;
			productType = "com.apple.product-type.bundle.unit-test";
		};
/* End PBXNativeTarget section */

/* Begin PBXProject section */
		D0E05A2518A86CD800D0926E /* Project object */ = {
			isa = PBXProject;
			attributes = {
				LastUpgradeCheck = 0500;
				ORGANIZATIONNAME = PartyTroll;
				TargetAttributes = {
					D0E05A4718A86CD800D0926E = {
						TestTargetID = D0E05A2C18A86CD800D0926E;
					};
				};
			};
			buildConfigurationList = D0E05A2818A86CD800D0926E /* Build configuration list for PBXProject "BlogReader" */;
			compatibilityVersion = "Xcode 3.2";
			developmentRegion = English;
			hasScannedForEncodings = 0;
			knownRegions = (
				en,
			);
			mainGroup = D0E05A2418A86CD800D0926E;
			productRefGroup = D0E05A2E18A86CD800D0926E /* Products */;
			projectDirPath = "";
			projectRoot = "";
			targets = (
				D0E05A2C18A86CD800D0926E /* BlogReader */,
				D0E05A4718A86CD800D0926E /* BlogReaderTests */,
			);
		};
/* End PBXProject section */

/* Begin PBXResourcesBuildPhase section */
		D0E05A2B18A86CD800D0926E /* Resources */ = {
			isa = PBXResourcesBuildPhase;
			buildActionMask = 2147483647;
			files = (
				D0E05A6018A86D1700D0926E /* MainStoryboard.storyboard in Resources */,
				D0E05A3B18A86CD800D0926E /* InfoPlist.strings in Resources */,
				D0E05A4318A86CD800D0926E /* Images.xcassets in Resources */,
			);
			runOnlyForDeploymentPostprocessing = 0;
		};
		D0E05A4618A86CD800D0926E /* Resources */ = {
			isa = PBXResourcesBuildPhase;
			buildActionMask = 2147483647;
			files = (
				D0E05A5418A86CD800D0926E /* InfoPlist.strings in Resources */,
			);
			runOnlyForDeploymentPostprocessing = 0;
		};
/* End PBXResourcesBuildPhase section */

/* Begin PBXSourcesBuildPhase section */
		D0E05A2918A86CD800D0926E /* Sources */ = {
			isa = PBXSourcesBuildPhase;
			buildActionMask = 2147483647;
			files = (
				D0E05A4118A86CD800D0926E /* AppDelegate.m in Sources */,
				D0E05AAA18B153DD00D0926E /* WebViewController.m in Sources */,
				D0E05A6318A86FBE00D0926E /* TableViewController.m in Sources */,
				D0E05A3D18A86CD800D0926E /* main.m in Sources */,
				D0E05A6618A8B45A00D0926E /* BlogPost.m in Sources */,
			);
			runOnlyForDeploymentPostprocessing = 0;
		};
		D0E05A4418A86CD800D0926E /* Sources */ = {
			isa = PBXSourcesBuildPhase;
			buildActionMask = 2147483647;
			files = (
				D0E05A5618A86CD800D0926E /* BlogReaderTests.m in Sources */,
			);
			runOnlyForDeploymentPostprocessing = 0;
		};
/* End PBXSourcesBuildPhase section */

/* Begin PBXTargetDependency section */
		D0E05A4E18A86CD800D0926E /* PBXTargetDependency */ = {
			isa = PBXTargetDependency;
			target = D0E05A2C18A86CD800D0926E /* BlogReader */;
			targetProxy = D0E05A4D18A86CD800D0926E /* PBXContainerItemProxy */;
		};
/* End PBXTargetDependency section */

/* Begin PBXVariantGroup section */
		D0E05A3918A86CD800D0926E /* InfoPlist.strings */ = {
			isa = PBXVariantGroup;
			children = (
				D0E05A3A18A86CD800D0926E /* en */,
			);
			name = InfoPlist.strings;
			sourceTree = "<group>";
		};
		D0E05A5218A86CD800D0926E /* InfoPlist.strings */ = {
			isa = PBXVariantGroup;
			children = (
				D0E05A5318A86CD800D0926E /* en */,
			);
			name = InfoPlist.strings;
			sourceTree = "<group>";
		};
/* End PBXVariantGroup section */

/* Begin XCBuildConfiguration section */
		D0E05A5718A86CD800D0926E /* Debug */ = {
			isa = XCBuildConfiguration;
			buildSettings = {
				ALWAYS_SEARCH_USER_PATHS = NO;
				ARCHS = "$(ARCHS_STANDARD_INCLUDING_64_BIT)";
				CLANG_CXX_LANGUAGE_STANDARD = "gnu++0x";
				CLANG_CXX_LIBRARY = "libc++";
				CLANG_ENABLE_MODULES = YES;
				CLANG_ENABLE_OBJC_ARC = YES;
				CLANG_WARN_BOOL_CONVERSION = YES;
				CLANG_WARN_CONSTANT_CONVERSION = YES;
				CLANG_WARN_DIRECT_OBJC_ISA_USAGE = YES_ERROR;
				CLANG_WARN_EMPTY_BODY = YES;
				CLANG_WARN_ENUM_CONVERSION = YES;
				CLANG_WARN_INT_CONVERSION = YES;
				CLANG_WARN_OBJC_ROOT_CLASS = YES_ERROR;
				CLANG_WARN__DUPLICATE_METHOD_MATCH = YES;
				"CODE_SIGN_IDENTITY[sdk=iphoneos*]" = "iPhone Developer";
				COPY_PHASE_STRIP = NO;
				GCC_C_LANGUAGE_STANDARD = gnu99;
				GCC_DYNAMIC_NO_PIC = NO;
				GCC_OPTIMIZATION_LEVEL = 0;
				GCC_PREPROCESSOR_DEFINITIONS = (
					"DEBUG=1",
					"$(inherited)",
				);
				GCC_SYMBOLS_PRIVATE_EXTERN = NO;
				GCC_WARN_64_TO_32_BIT_CONVERSION = YES;
				GCC_WARN_ABOUT_RETURN_TYPE = YES_ERROR;
				GCC_WARN_UNDECLARED_SELECTOR = YES;
				GCC_WARN_UNINITIALIZED_AUTOS = YES;
				GCC_WARN_UNUSED_FUNCTION = YES;
				GCC_WARN_UNUSED_VARIABLE = YES;
				IPHONEOS_DEPLOYMENT_TARGET = 7.0;
				ONLY_ACTIVE_ARCH = YES;
				SDKROOT = iphoneos;
			};
			name = Debug;
		};
		D0E05A5818A86CD800D0926E /* Release */ = {
			isa = XCBuildConfiguration;
			buildSettings = {
				ALWAYS_SEARCH_USER_PATHS = NO;
				ARCHS = "$(ARCHS_STANDARD_INCLUDING_64_BIT)";
				CLANG_CXX_LANGUAGE_STANDARD = "gnu++0x";
				CLANG_CXX_LIBRARY = "libc++";
				CLANG_ENABLE_MODULES = YES;
				CLANG_ENABLE_OBJC_ARC = YES;
				CLANG_WARN_BOOL_CONVERSION = YES;
				CLANG_WARN_CONSTANT_CONVERSION = YES;
				CLANG_WARN_DIRECT_OBJC_ISA_USAGE = YES_ERROR;
				CLANG_WARN_EMPTY_BODY = YES;
				CLANG_WARN_ENUM_CONVERSION = YES;
				CLANG_WARN_INT_CONVERSION = YES;
				CLANG_WARN_OBJC_ROOT_CLASS = YES_ERROR;
				CLANG_WARN__DUPLICATE_METHOD_MATCH = YES;
				"CODE_SIGN_IDENTITY[sdk=iphoneos*]" = "iPhone Developer";
				COPY_PHASE_STRIP = YES;
				ENABLE_NS_ASSERTIONS = NO;
				GCC_C_LANGUAGE_STANDARD = gnu99;
				GCC_WARN_64_TO_32_BIT_CONVERSION = YES;
				GCC_WARN_ABOUT_RETURN_TYPE = YES_ERROR;
				GCC_WARN_UNDECLARED_SELECTOR = YES;
				GCC_WARN_UNINITIALIZED_AUTOS = YES;
				GCC_WARN_UNUSED_FUNCTION = YES;
				GCC_WARN_UNUSED_VARIABLE = YES;
				IPHONEOS_DEPLOYMENT_TARGET = 7.0;
				SDKROOT = iphoneos;
				VALIDATE_PRODUCT = YES;
			};
			name = Release;
		};
		D0E05A5A18A86CD800D0926E /* Debug */ = {
			isa = XCBuildConfiguration;
			buildSettings = {
				ASSETCATALOG_COMPILER_APPICON_NAME = AppIcon;
				ASSETCATALOG_COMPILER_LAUNCHIMAGE_NAME = LaunchImage;
				GCC_PRECOMPILE_PREFIX_HEADER = YES;
				GCC_PREFIX_HEADER = "BlogReader/BlogReader-Prefix.pch";
				INFOPLIST_FILE = "BlogReader/BlogReader-Info.plist";
				IPHONEOS_DEPLOYMENT_TARGET = 7.0;
				PRODUCT_NAME = "$(TARGET_NAME)";
				WRAPPER_EXTENSION = app;
			};
			name = Debug;
		};
		D0E05A5B18A86CD800D0926E /* Release */ = {
			isa = XCBuildConfiguration;
			buildSettings = {
				ASSETCATALOG_COMPILER_APPICON_NAME = AppIcon;
				ASSETCATALOG_COMPILER_LAUNCHIMAGE_NAME = LaunchImage;
				GCC_PRECOMPILE_PREFIX_HEADER = YES;
				GCC_PREFIX_HEADER = "BlogReader/BlogReader-Prefix.pch";
				INFOPLIST_FILE = "BlogReader/BlogReader-Info.plist";
				IPHONEOS_DEPLOYMENT_TARGET = 7.0;
				PRODUCT_NAME = "$(TARGET_NAME)";
				WRAPPER_EXTENSION = app;
			};
			name = Release;
		};
		D0E05A5D18A86CD800D0926E /* Debug */ = {
			isa = XCBuildConfiguration;
			buildSettings = {
				ARCHS = "$(ARCHS_STANDARD_INCLUDING_64_BIT)";
				BUNDLE_LOADER = "$(BUILT_PRODUCTS_DIR)/BlogReader.app/BlogReader";
				FRAMEWORK_SEARCH_PATHS = (
					"$(SDKROOT)/Developer/Library/Frameworks",
					"$(inherited)",
					"$(DEVELOPER_FRAMEWORKS_DIR)",
				);
				GCC_PRECOMPILE_PREFIX_HEADER = YES;
				GCC_PREFIX_HEADER = "BlogReader/BlogReader-Prefix.pch";
				GCC_PREPROCESSOR_DEFINITIONS = (
					"DEBUG=1",
					"$(inherited)",
				);
				INFOPLIST_FILE = "BlogReaderTests/BlogReaderTests-Info.plist";
				PRODUCT_NAME = "$(TARGET_NAME)";
				TEST_HOST = "$(BUNDLE_LOADER)";
				WRAPPER_EXTENSION = xctest;
			};
			name = Debug;
		};
		D0E05A5E18A86CD800D0926E /* Release */ = {
			isa = XCBuildConfiguration;
			buildSettings = {
				ARCHS = "$(ARCHS_STANDARD_INCLUDING_64_BIT)";
				BUNDLE_LOADER = "$(BUILT_PRODUCTS_DIR)/BlogReader.app/BlogReader";
				FRAMEWORK_SEARCH_PATHS = (
					"$(SDKROOT)/Developer/Library/Frameworks",
					"$(inherited)",
					"$(DEVELOPER_FRAMEWORKS_DIR)",
				);
				GCC_PRECOMPILE_PREFIX_HEADER = YES;
				GCC_PREFIX_HEADER = "BlogReader/BlogReader-Prefix.pch";
				INFOPLIST_FILE = "BlogReaderTests/BlogReaderTests-Info.plist";
				PRODUCT_NAME = "$(TARGET_NAME)";
				TEST_HOST = "$(BUNDLE_LOADER)";
				WRAPPER_EXTENSION = xctest;
			};
			name = Release;
		};
/* End XCBuildConfiguration section */

/* Begin XCConfigurationList section */
		D0E05A2818A86CD800D0926E /* Build configuration list for PBXProject "BlogReader" */ = {
			isa = XCConfigurationList;
			buildConfigurations = (
				D0E05A5718A86CD800D0926E /* Debug */,
				D0E05A5818A86CD800D0926E /* Release */,
			);
			defaultConfigurationIsVisible = 0;
			defaultConfigurationName = Release;
		};
		D0E05A5918A86CD800D0926E /* Build configuration list for PBXNativeTarget "BlogReader" */ = {
			isa = XCConfigurationList;
			buildConfigurations = (
				D0E05A5A18A86CD800D0926E /* Debug */,
				D0E05A5B18A86CD800D0926E /* Release */,
			);
			defaultConfigurationIsVisible = 0;
		};
		D0E05A5C18A86CD800D0926E /* Build configuration list for PBXNativeTarget "BlogReaderTests" */ = {
			isa = XCConfigurationList;
			buildConfigurations = (
				D0E05A5D18A86CD800D0926E /* Debug */,
				D0E05A5E18A86CD800D0926E /* Release */,
			);
			defaultConfigurationIsVisible = 0;
		};
/* End XCConfigurationList section */
	};
	rootObject = D0E05A2518A86CD800D0926E /* Project object */;
}
